
Microsoft Visual Studio Solution File, Format Version 12.00
# Visual Studio 15
VisualStudioVersion = 15.0.27428.2037
MinimumVisualStudioVersion = 10.0.40219.1
Project("{FAE04EC0-301F-11D3-BF4B-00C04F79EFBC}") = "Performance.NET", "Performance.NET\Performance.NET.csproj", "{C8EE37B2-C348-476D-9BAE-1743BBB16A92}"
EndProject
Global
	GlobalSection(SolutionConfigurationPlatforms) = preSolution
		Debug|Any CPU = Debug|Any CPU
		Release|Any CPU = Release|Any CPU
	EndGlobalSection
	GlobalSection(ProjectConfigurationPlatforms) = postSolution
		{C8EE37B2-C348-476D-9BAE-1743BBB16A92}.Debug|Any CPU.ActiveCfg = Debug|Any CPU
		{C8EE37B2-C348-476D-9BAE-1743BBB16A92}.Debug|Any CPU.Build.0 = Debug|Any CPU
		{C8EE37B2-C348-476D-9BAE-1743BBB16A92}.Release|Any CPU.ActiveCfg = Release|Any CPU
		{C8EE37B2-C348-476D-9BAE-1743BBB16A92}.Release|Any CPU.Build.0 = Release|Any CPU
	EndGlobalSection
	GlobalSection(SolutionProperties) = preSolution
		HideSolutionNode = FALSE
	EndGlobalSection
	GlobalSection(ExtensibilityGlobals) = postSolution
		SolutionGuid = {55F618D5-B97A-4C94-A164-50A4C7F0DD7C}
	EndGlobalSection
EndGlobal
